
Microsoft Visual Studio Solution File, Format Version 12.00
# Visual Studio Version 17
VisualStudioVersion = 17.9.34616.47
MinimumVisualStudioVersion = 10.0.40219.1
Project("{FAE04EC0-301F-11D3-BF4B-00C04F79EFBC}") = "CSharp-Basics-DS", "CSharp-Basics-DS.csproj", "{2EA43EE4-8202-419B-8B6A-ADFCA0D6E936}"
EndProject
Global
	GlobalSection(SolutionConfigurationPlatforms) = preSolution
		Debug|Any CPU = Debug|Any CPU
		Release|Any CPU = Release|Any CPU
	EndGlobalSection
	GlobalSection(ProjectConfigurationPlatforms) = postSolution
		{2EA43EE4-8202-419B-8B6A-ADFCA0D6E936}.Debug|Any CPU.ActiveCfg = Debug|Any CPU
		{2EA43EE4-8202-419B-8B6A-ADFCA0D6E936}.Debug|Any CPU.Build.0 = Debug|Any CPU
		{2EA43EE4-8202-419B-8B6A-ADFCA0D6E936}.Release|Any CPU.ActiveCfg = Release|Any CPU
		{2EA43EE4-8202-419B-8B6A-ADFCA0D6E936}.Release|Any CPU.Build.0 = Release|Any CPU
	EndGlobalSection
	GlobalSection(SolutionProperties) = preSolution
		HideSolutionNode = FALSE
	EndGlobalSection
	GlobalSection(ExtensibilityGlobals) = postSolution
		SolutionGuid = {426B93E8-2868-41AC-A06F-C7BC406EE51E}
	EndGlobalSection
EndGlobal
